// !$*UTF8*$!
{
	archiveVersion = 1;
	classes = {
	};
	objectVersion = 50;
	objects = {

/* Begin PBXBuildFile section */
		D8ECE2F6243E256E009EAABA /* AppDelegate.swift in Sources */ = {isa = PBXBuildFile; fileRef = D8ECE2F5243E256E009EAABA /* AppDelegate.swift */; };
		D8ECE2F8243E256E009EAABA /* SceneDelegate.swift in Sources */ = {isa = PBXBuildFile; fileRef = D8ECE2F7243E256E009EAABA /* SceneDelegate.swift */; };
		D8ECE2FA243E256E009EAABA /* ViewController.swift in Sources */ = {isa = PBXBuildFile; fileRef = D8ECE2F9243E256E009EAABA /* ViewController.swift */; };
		D8ECE2FD243E256E009EAABA /* Main.storyboard in Resources */ = {isa = PBXBuildFile; fileRef = D8ECE2FB243E256E009EAABA /* Main.storyboard */; };
		D8ECE2FF243E2570009EAABA /* Assets.xcassets in Resources */ = {isa = PBXBuildFile; fileRef = D8ECE2FE243E2570009EAABA /* Assets.xcassets */; };
		D8ECE302243E2570009EAABA /* LaunchScreen.storyboard in Resources */ = {isa = PBXBuildFile; fileRef = D8ECE300243E2570009EAABA /* LaunchScreen.storyboard */; };
		D8ECE30D243E2570009EAABA /* Curran_GesturesTests.swift in Sources */ = {isa = PBXBuildFile; fileRef = D8ECE30C243E2570009EAABA /* Curran_GesturesTests.swift */; };
		D8ECE318243E2570009EAABA /* Curran_GesturesUITests.swift in Sources */ = {isa = PBXBuildFile; fileRef = D8ECE317243E2570009EAABA /* Curran_GesturesUITests.swift */; };
/* End PBXBuildFile section */

/* Begin PBXContainerItemProxy section */
		D8ECE309243E2570009EAABA /* PBXContainerItemProxy */ = {
			isa = PBXContainerItemProxy;
			containerPortal = D8ECE2EA243E256E009EAABA /* Project object */;
			proxyType = 1;
			remoteGlobalIDString = D8ECE2F1243E256E009EAABA;
			remoteInfo = "Curran Gestures";
		};
		D8ECE314243E2570009EAABA /* PBXContainerItemProxy */ = {
			isa = PBXContainerItemProxy;
			containerPortal = D8ECE2EA243E256E009EAABA /* Project object */;
			proxyType = 1;
			remoteGlobalIDString = D8ECE2F1243E256E009EAABA;
			remoteInfo = "Curran Gestures";
		};
/* End PBXContainerItemProxy section */

/* Begin PBXFileReference section */
		D8ECE2F2243E256E009EAABA /* Curran Gestures.app */ = {isa = PBXFileReference; explicitFileType = wrapper.application; includeInIndex = 0; path = "Curran Gestures.app"; sourceTree = BUILT_PRODUCTS_DIR; };
		D8ECE2F5243E256E009EAABA /* AppDelegate.swift */ = {isa = PBXFileReference; lastKnownFileType = sourcecode.swift; path = AppDelegate.swift; sourceTree = "<group>"; };
		D8ECE2F7243E256E009EAABA /* SceneDelegate.swift */ = {isa = PBXFileReference; lastKnownFileType = sourcecode.swift; path = SceneDelegate.swift; sourceTree = "<group>"; };
		D8ECE2F9243E256E009EAABA /* ViewController.swift */ = {isa = PBXFileReference; lastKnownFileType = sourcecode.swift; path = ViewController.swift; sourceTree = "<group>"; };
		D8ECE2FC243E256E009EAABA /* Base */ = {isa = PBXFileReference; lastKnownFileType = file.storyboard; name = Base; path = Base.lproj/Main.storyboard; sourceTree = "<group>"; };
		D8ECE2FE243E2570009EAABA /* Assets.xcassets */ = {isa = PBXFileReference; lastKnownFileType = folder.assetcatalog; path = Assets.xcassets; sourceTree = "<group>"; };
		D8ECE301243E2570009EAABA /* Base */ = {isa = PBXFileReference; lastKnownFileType = file.storyboard; name = Base; path = Base.lproj/LaunchScreen.storyboard; sourceTree = "<group>"; };
		D8ECE303243E2570009EAABA /* Info.plist */ = {isa = PBXFileReference; lastKnownFileType = text.plist.xml; path = Info.plist; sourceTree = "<group>"; };
		D8ECE308243E2570009EAABA /* Curran GesturesTests.xctest */ = {isa = PBXFileReference; explicitFileType = wrapper.cfbundle; includeInIndex = 0; path = "Curran GesturesTests.xctest"; sourceTree = BUILT_PRODUCTS_DIR; };
		D8ECE30C243E2570009EAABA /* Curran_GesturesTests.swift */ = {isa = PBXFileReference; lastKnownFileType = sourcecode.swift; path = Curran_GesturesTests.swift; sourceTree = "<group>"; };
		D8ECE30E243E2570009EAABA /* Info.plist */ = {isa = PBXFileReference; lastKnownFileType = text.plist.xml; path = Info.plist; sourceTree = "<group>"; };
		D8ECE313243E2570009EAABA /* Curran GesturesUITests.xctest */ = {isa = PBXFileReference; explicitFileType = wrapper.cfbundle; includeInIndex = 0; path = "Curran GesturesUITests.xctest"; sourceTree = BUILT_PRODUCTS_DIR; };
		D8ECE317243E2570009EAABA /* Curran_GesturesUITests.swift */ = {isa = PBXFileReference; lastKnownFileType = sourcecode.swift; path = Curran_GesturesUITests.swift; sourceTree = "<group>"; };
		D8ECE319243E2570009EAABA /* Info.plist */ = {isa = PBXFileReference; lastKnownFileType = text.plist.xml; path = Info.plist; sourceTree = "<group>"; };
/* End PBXFileReference section */

/* Begin PBXFrameworksBuildPhase section */
		D8ECE2EF243E256E009EAABA /* Frameworks */ = {
			isa = PBXFrameworksBuildPhase;
			buildActionMask = 2147483647;
			files = (
			);
			runOnlyForDeploymentPostprocessing = 0;
		};
		D8ECE305243E2570009EAABA /* Frameworks */ = {
			isa = PBXFrameworksBuildPhase;
			buildActionMask = 2147483647;
			files = (
			);
			runOnlyForDeploymentPostprocessing = 0;
		};
		D8ECE310243E2570009EAABA /* Frameworks */ = {
			isa = PBXFrameworksBuildPhase;
			buildActionMask = 2147483647;
			files = (
			);
			runOnlyForDeploymentPostprocessing = 0;
		};
/* End PBXFrameworksBuildPhase section */

/* Begin PBXGroup section */
		D8ECE2E9243E256E009EAABA = {
			isa = PBXGroup;
			children = (
				D8ECE2F4243E256E009EAABA /* Curran Gestures */,
				D8ECE30B243E2570009EAABA /* Curran GesturesTests */,
				D8ECE316243E2570009EAABA /* Curran GesturesUITests */,
				D8ECE2F3243E256E009EAABA /* Products */,
			);
			sourceTree = "<group>";
		};
		D8ECE2F3243E256E009EAABA /* Products */ = {
			isa = PBXGroup;
			children = (
				D8ECE2F2243E256E009EAABA /* Curran Gestures.app */,
				D8ECE308243E2570009EAABA /* Curran GesturesTests.xctest */,
				D8ECE313243E2570009EAABA /* Curran GesturesUITests.xctest */,
			);
			name = Products;
			sourceTree = "<group>";
		};
		D8ECE2F4243E256E009EAABA /* Curran Gestures */ = {
			isa = PBXGroup;
			children = (
				D8ECE2F5243E256E009EAABA /* AppDelegate.swift */,
				D8ECE2F7243E256E009EAABA /* SceneDelegate.swift */,
				D8ECE2F9243E256E009EAABA /* ViewController.swift */,
				D8ECE2FB243E256E009EAABA /* Main.storyboard */,
				D8ECE2FE243E2570009EAABA /* Assets.xcassets */,
				D8ECE300243E2570009EAABA /* LaunchScreen.storyboard */,
				D8ECE303243E2570009EAABA /* Info.plist */,
			);
			path = "Curran Gestures";
			sourceTree = "<group>";
		};
		D8ECE30B243E2570009EAABA /* Curran GesturesTests */ = {
			isa = PBXGroup;
			children = (
				D8ECE30C243E2570009EAABA /* Curran_GesturesTests.swift */,
				D8ECE30E243E2570009EAABA /* Info.plist */,
			);
			path = "Curran GesturesTests";
			sourceTree = "<group>";
		};
		D8ECE316243E2570009EAABA /* Curran GesturesUITests */ = {
			isa = PBXGroup;
			children = (
				D8ECE317243E2570009EAABA /* Curran_GesturesUITests.swift */,
				D8ECE319243E2570009EAABA /* Info.plist */,
			);
			path = "Curran GesturesUITests";
			sourceTree = "<group>";
		};
/* End PBXGroup section */

/* Begin PBXNativeTarget section */
		D8ECE2F1243E256E009EAABA /* Curran Gestures */ = {
			isa = PBXNativeTarget;
			buildConfigurationList = D8ECE31C243E2570009EAABA /* Build configuration list for PBXNativeTarget "Curran Gestures" */;
			buildPhases = (
				D8ECE2EE243E256E009EAABA /* Sources */,
				D8ECE2EF243E256E009EAABA /* Frameworks */,
				D8ECE2F0243E256E009EAABA /* Resources */,
			);
			buildRules = (
			);
			dependencies = (
			);
			name = "Curran Gestures";
			productName = "Curran Gestures";
			productReference = D8ECE2F2243E256E009EAABA /* Curran Gestures.app */;
			productType = "com.apple.product-type.application";
		};
		D8ECE307243E2570009EAABA /* Curran GesturesTests */ = {
			isa = PBXNativeTarget;
			buildConfigurationList = D8ECE31F243E2570009EAABA /* Build configuration list for PBXNativeTarget "Curran GesturesTests" */;
			buildPhases = (
				D8ECE304243E2570009EAABA /* Sources */,
				D8ECE305243E2570009EAABA /* Frameworks */,
				D8ECE306243E2570009EAABA /* Resources */,
			);
			buildRules = (
			);
			dependencies = (
				D8ECE30A243E2570009EAABA /* PBXTargetDependency */,
			);
			name = "Curran GesturesTests";
			productName = "Curran GesturesTests";
			productReference = D8ECE308243E2570009EAABA /* Curran GesturesTests.xctest */;
			productType = "com.apple.product-type.bundle.unit-test";
		};
		D8ECE312243E2570009EAABA /* Curran GesturesUITests */ = {
			isa = PBXNativeTarget;
			buildConfigurationList = D8ECE322243E2570009EAABA /* Build configuration list for PBXNativeTarget "Curran GesturesUITests" */;
			buildPhases = (
				D8ECE30F243E2570009EAABA /* Sources */,
				D8ECE310243E2570009EAABA /* Frameworks */,
				D8ECE311243E2570009EAABA /* Resources */,
			);
			buildRules = (
			);
			dependencies = (
				D8ECE315243E2570009EAABA /* PBXTargetDependency */,
			);
			name = "Curran GesturesUITests";
			productName = "Curran GesturesUITests";
			productReference = D8ECE313243E2570009EAABA /* Curran GesturesUITests.xctest */;
			productType = "com.apple.product-type.bundle.ui-testing";
		};
/* End PBXNativeTarget section */

/* Begin PBXProject section */
		D8ECE2EA243E256E009EAABA /* Project object */ = {
			isa = PBXProject;
			attributes = {
				LastSwiftUpdateCheck = 1130;
				LastUpgradeCheck = 1130;
				ORGANIZATIONNAME = "Spencer Curran";
				TargetAttributes = {
					D8ECE2F1243E256E009EAABA = {
						CreatedOnToolsVersion = 11.3.1;
					};
					D8ECE307243E2570009EAABA = {
						CreatedOnToolsVersion = 11.3.1;
						TestTargetID = D8ECE2F1243E256E009EAABA;
					};
					D8ECE312243E2570009EAABA = {
						CreatedOnToolsVersion = 11.3.1;
						TestTargetID = D8ECE2F1243E256E009EAABA;
					};
				};
			};
			buildConfigurationList = D8ECE2ED243E256E009EAABA /* Build configuration list for PBXProject "Curran Gestures" */;
			compatibilityVersion = "Xcode 9.3";
			developmentRegion = en;
			hasScannedForEncodings = 0;
			knownRegions = (
				en,
				Base,
			);
			mainGroup = D8ECE2E9243E256E009EAABA;
			productRefGroup = D8ECE2F3243E256E009EAABA /* Products */;
			projectDirPath = "";
			projectRoot = "";
			targets = (
				D8ECE2F1243E256E009EAABA /* Curran Gestures */,
				D8ECE307243E2570009EAABA /* Curran GesturesTests */,
				D8ECE312243E2570009EAABA /* Curran GesturesUITests */,
			);
		};
/* End PBXProject section */

/* Begin PBXResourcesBuildPhase section */
		D8ECE2F0243E256E009EAABA /* Resources */ = {
			isa = PBXResourcesBuildPhase;
			buildActionMask = 2147483647;
			files = (
				D8ECE302243E2570009EAABA /* LaunchScreen.storyboard in Resources */,
				D8ECE2FF243E2570009EAABA /* Assets.xcassets in Resources */,
				D8ECE2FD243E256E009EAABA /* Main.storyboard in Resources */,
			);
			runOnlyForDeploymentPostprocessing = 0;
		};
		D8ECE306243E2570009EAABA /* Resources */ = {
			isa = PBXResourcesBuildPhase;
			buildActionMask = 2147483647;
			files = (
			);
			runOnlyForDeploymentPostprocessing = 0;
		};
		D8ECE311243E2570009EAABA /* Resources */ = {
			isa = PBXResourcesBuildPhase;
			buildActionMask = 2147483647;
			files = (
			);
			runOnlyForDeploymentPostprocessing = 0;
		};
/* End PBXResourcesBuildPhase section */

/* Begin PBXSourcesBuildPhase section */
		D8ECE2EE243E256E009EAABA /* Sources */ = {
			isa = PBXSourcesBuildPhase;
			buildActionMask = 2147483647;
			files = (
				D8ECE2FA243E256E009EAABA /* ViewController.swift in Sources */,
				D8ECE2F6243E256E009EAABA /* AppDelegate.swift in Sources */,
				D8ECE2F8243E256E009EAABA /* SceneDelegate.swift in Sources */,
			);
			runOnlyForDeploymentPostprocessing = 0;
		};
		D8ECE304243E2570009EAABA /* Sources */ = {
			isa = PBXSourcesBuildPhase;
			buildActionMask = 2147483647;
			files = (
				D8ECE30D243E2570009EAABA /* Curran_GesturesTests.swift in Sources */,
			);
			runOnlyForDeploymentPostprocessing = 0;
		};
		D8ECE30F243E2570009EAABA /* Sources */ = {
			isa = PBXSourcesBuildPhase;
			buildActionMask = 2147483647;
			files = (
				D8ECE318243E2570009EAABA /* Curran_GesturesUITests.swift in Sources */,
			);
			runOnlyForDeploymentPostprocessing = 0;
		};
/* End PBXSourcesBuildPhase section */

/* Begin PBXTargetDependency section */
		D8ECE30A243E2570009EAABA /* PBXTargetDependency */ = {
			isa = PBXTargetDependency;
			target = D8ECE2F1243E256E009EAABA /* Curran Gestures */;
			targetProxy = D8ECE309243E2570009EAABA /* PBXContainerItemProxy */;
		};
		D8ECE315243E2570009EAABA /* PBXTargetDependency */ = {
			isa = PBXTargetDependency;
			target = D8ECE2F1243E256E009EAABA /* Curran Gestures */;
			targetProxy = D8ECE314243E2570009EAABA /* PBXContainerItemProxy */;
		};
/* End PBXTargetDependency section */

/* Begin PBXVariantGroup section */
		D8ECE2FB243E256E009EAABA /* Main.storyboard */ = {
			isa = PBXVariantGroup;
			children = (
				D8ECE2FC243E256E009EAABA /* Base */,
			);
			name = Main.storyboard;
			sourceTree = "<group>";
		};
		D8ECE300243E2570009EAABA /* LaunchScreen.storyboard */ = {
			isa = PBXVariantGroup;
			children = (
				D8ECE301243E2570009EAABA /* Base */,
			);
			name = LaunchScreen.storyboard;
			sourceTree = "<group>";
		};
/* End PBXVariantGroup section */

/* Begin XCBuildConfiguration section */
		D8ECE31A243E2570009EAABA /* Debug */ = {
			isa = XCBuildConfiguration;
			buildSettings = {
				ALWAYS_SEARCH_USER_PATHS = NO;
				CLANG_ANALYZER_NONNULL = YES;
				CLANG_ANALYZER_NUMBER_OBJECT_CONVERSION = YES_AGGRESSIVE;
				CLANG_CXX_LANGUAGE_STANDARD = "gnu++14";
				CLANG_CXX_LIBRARY = "libc++";
				CLANG_ENABLE_MODULES = YES;
				CLANG_ENABLE_OBJC_ARC = YES;
				CLANG_ENABLE_OBJC_WEAK = YES;
				CLANG_WARN_BLOCK_CAPTURE_AUTORELEASING = YES;
				CLANG_WARN_BOOL_CONVERSION = YES;
				CLANG_WARN_COMMA = YES;
				CLANG_WARN_CONSTANT_CONVERSION = YES;
				CLANG_WARN_DEPRECATED_OBJC_IMPLEMENTATIONS = YES;
				CLANG_WARN_DIRECT_OBJC_ISA_USAGE = YES_ERROR;
				CLANG_WARN_DOCUMENTATION_COMMENTS = YES;
				CLANG_WARN_EMPTY_BODY = YES;
				CLANG_WARN_ENUM_CONVERSION = YES;
				CLANG_WARN_INFINITE_RECURSION = YES;
				CLANG_WARN_INT_CONVERSION = YES;
				CLANG_WARN_NON_LITERAL_NULL_CONVERSION = YES;
				CLANG_WARN_OBJC_IMPLICIT_RETAIN_SELF = YES;
				CLANG_WARN_OBJC_LITERAL_CONVERSION = YES;
				CLANG_WARN_OBJC_ROOT_CLASS = YES_ERROR;
				CLANG_WARN_RANGE_LOOP_ANALYSIS = YES;
				CLANG_WARN_STRICT_PROTOTYPES = YES;
				CLANG_WARN_SUSPICIOUS_MOVE = YES;
				CLANG_WARN_UNGUARDED_AVAILABILITY = YES_AGGRESSIVE;
				CLANG_WARN_UNREACHABLE_CODE = YES;
				CLANG_WARN__DUPLICATE_METHOD_MATCH = YES;
				COPY_PHASE_STRIP = NO;
				DEBUG_INFORMATION_FORMAT = dwarf;
				ENABLE_STRICT_OBJC_MSGSEND = YES;
				ENABLE_TESTABILITY = YES;
				GCC_C_LANGUAGE_STANDARD = gnu11;
				GCC_DYNAMIC_NO_PIC = NO;
				GCC_NO_COMMON_BLOCKS = YES;
				GCC_OPTIMIZATION_LEVEL = 0;
				GCC_PREPROCESSOR_DEFINITIONS = (
					"DEBUG=1",
					"$(inherited)",
				);
				GCC_WARN_64_TO_32_BIT_CONVERSION = YES;
				GCC_WARN_ABOUT_RETURN_TYPE = YES_ERROR;
				GCC_WARN_UNDECLARED_SELECTOR = YES;
				GCC_WARN_UNINITIALIZED_AUTOS = YES_AGGRESSIVE;
				GCC_WARN_UNUSED_FUNCTION = YES;
				GCC_WARN_UNUSED_VARIABLE = YES;
				IPHONEOS_DEPLOYMENT_TARGET = 13.2;
				MTL_ENABLE_DEBUG_INFO = INCLUDE_SOURCE;
				MTL_FAST_MATH = YES;
				ONLY_ACTIVE_ARCH = YES;
				SDKROOT = iphoneos;
				SWIFT_ACTIVE_COMPILATION_CONDITIONS = DEBUG;
				SWIFT_OPTIMIZATION_LEVEL = "-Onone";
			};
			name = Debug;
		};
		D8ECE31B243E2570009EAABA /* Release */ = {
			isa = XCBuildConfiguration;
			buildSettings = {
				ALWAYS_SEARCH_USER_PATHS = NO;
				CLANG_ANALYZER_NONNULL = YES;
				CLANG_ANALYZER_NUMBER_OBJECT_CONVERSION = YES_AGGRESSIVE;
				CLANG_CXX_LANGUAGE_STANDARD = "gnu++14";
				CLANG_CXX_LIBRARY = "libc++";
				CLANG_ENABLE_MODULES = YES;
				CLANG_ENABLE_OBJC_ARC = YES;
				CLANG_ENABLE_OBJC_WEAK = YES;
				CLANG_WARN_BLOCK_CAPTURE_AUTORELEASING = YES;
				CLANG_WARN_BOOL_CONVERSION = YES;
				CLANG_WARN_COMMA = YES;
				CLANG_WARN_CONSTANT_CONVERSION = YES;
				CLANG_WARN_DEPRECATED_OBJC_IMPLEMENTATIONS = YES;
				CLANG_WARN_DIRECT_OBJC_ISA_USAGE = YES_ERROR;
				CLANG_WARN_DOCUMENTATION_COMMENTS = YES;
				CLANG_WARN_EMPTY_BODY = YES;
				CLANG_WARN_ENUM_CONVERSION = YES;
				CLANG_WARN_INFINITE_RECURSION = YES;
				CLANG_WARN_INT_CONVERSION = YES;
				CLANG_WARN_NON_LITERAL_NULL_CONVERSION = YES;
				CLANG_WARN_OBJC_IMPLICIT_RETAIN_SELF = YES;
				CLANG_WARN_OBJC_LITERAL_CONVERSION = YES;
				CLANG_WARN_OBJC_ROOT_CLASS = YES_ERROR;
				CLANG_WARN_RANGE_LOOP_ANALYSIS = YES;
				CLANG_WARN_STRICT_PROTOTYPES = YES;
				CLANG_WARN_SUSPICIOUS_MOVE = YES;
				CLANG_WARN_UNGUARDED_AVAILABILITY = YES_AGGRESSIVE;
				CLANG_WARN_UNREACHABLE_CODE = YES;
				CLANG_WARN__DUPLICATE_METHOD_MATCH = YES;
				COPY_PHASE_STRIP = NO;
				DEBUG_INFORMATION_FORMAT = "dwarf-with-dsym";
				ENABLE_NS_ASSERTIONS = NO;
				ENABLE_STRICT_OBJC_MSGSEND = YES;
				GCC_C_LANGUAGE_STANDARD = gnu11;
				GCC_NO_COMMON_BLOCKS = YES;
				GCC_WARN_64_TO_32_BIT_CONVERSION = YES;
				GCC_WARN_ABOUT_RETURN_TYPE = YES_ERROR;
				GCC_WARN_UNDECLARED_SELECTOR = YES;
				GCC_WARN_UNINITIALIZED_AUTOS = YES_AGGRESSIVE;
				GCC_WARN_UNUSED_FUNCTION = YES;
				GCC_WARN_UNUSED_VARIABLE = YES;
				IPHONEOS_DEPLOYMENT_TARGET = 13.2;
				MTL_ENABLE_DEBUG_INFO = NO;
				MTL_FAST_MATH = YES;
				SDKROOT = iphoneos;
				SWIFT_COMPILATION_MODE = wholemodule;
				SWIFT_OPTIMIZATION_LEVEL = "-O";
				VALIDATE_PRODUCT = YES;
			};
			name = Release;
		};
		D8ECE31D243E2570009EAABA /* Debug */ = {
			isa = XCBuildConfiguration;
			buildSettings = {
				ASSETCATALOG_COMPILER_APPICON_NAME = AppIcon;
				CODE_SIGN_STYLE = Automatic;
				DEVELOPMENT_TEAM = VVTL2X6H2N;
				INFOPLIST_FILE = "Curran Gestures/Info.plist";
				LD_RUNPATH_SEARCH_PATHS = (
					"$(inherited)",
					"@executable_path/Frameworks",
				);
				PRODUCT_BUNDLE_IDENTIFIER = "spencercurran.com.Curran-Gestures";
				PRODUCT_NAME = "$(TARGET_NAME)";
				SWIFT_VERSION = 5.0;
				TARGETED_DEVICE_FAMILY = "1,2";
			};
			name = Debug;
		};
		D8ECE31E243E2570009EAABA /* Release */ = {
			isa = XCBuildConfiguration;
			buildSettings = {
				ASSETCATALOG_COMPILER_APPICON_NAME = AppIcon;
				CODE_SIGN_STYLE = Automatic;
				DEVELOPMENT_TEAM = VVTL2X6H2N;
				INFOPLIST_FILE = "Curran Gestures/Info.plist";
				LD_RUNPATH_SEARCH_PATHS = (
					"$(inherited)",
					"@executable_path/Frameworks",
				);
				PRODUCT_BUNDLE_IDENTIFIER = "spencercurran.com.Curran-Gestures";
				PRODUCT_NAME = "$(TARGET_NAME)";
				SWIFT_VERSION = 5.0;
				TARGETED_DEVICE_FAMILY = "1,2";
			};
			name = Release;
		};
		D8ECE320243E2570009EAABA /* Debug */ = {
			isa = XCBuildConfiguration;
			buildSettings = {
				ALWAYS_EMBED_SWIFT_STANDARD_LIBRARIES = YES;
				BUNDLE_LOADER = "$(TEST_HOST)";
				CODE_SIGN_STYLE = Automatic;
				DEVELOPMENT_TEAM = VVTL2X6H2N;
				INFOPLIST_FILE = "Curran GesturesTests/Info.plist";
				IPHONEOS_DEPLOYMENT_TARGET = 13.2;
				LD_RUNPATH_SEARCH_PATHS = (
					"$(inherited)",
					"@executable_path/Frameworks",
					"@loader_path/Frameworks",
				);
				PRODUCT_BUNDLE_IDENTIFIER = "spencercurran.com.Curran-GesturesTests";
				PRODUCT_NAME = "$(TARGET_NAME)";
				SWIFT_VERSION = 5.0;
				TARGETED_DEVICE_FAMILY = "1,2";
				TEST_HOST = "$(BUILT_PRODUCTS_DIR)/Curran Gestures.app/Curran Gestures";
			};
			name = Debug;
		};
		D8ECE321243E2570009EAABA /* Release */ = {
			isa = XCBuildConfiguration;
			buildSettings = {
				ALWAYS_EMBED_SWIFT_STANDARD_LIBRARIES = YES;
				BUNDLE_LOADER = "$(TEST_HOST)";
				CODE_SIGN_STYLE = Automatic;
				DEVELOPMENT_TEAM = VVTL2X6H2N;
				INFOPLIST_FILE = "Curran GesturesTests/Info.plist";
				IPHONEOS_DEPLOYMENT_TARGET = 13.2;
				LD_RUNPATH_SEARCH_PATHS = (
					"$(inherited)",
					"@executable_path/Frameworks",
					"@loader_path/Frameworks",
				);
				PRODUCT_BUNDLE_IDENTIFIER = "spencercurran.com.Curran-GesturesTests";
				PRODUCT_NAME = "$(TARGET_NAME)";
				SWIFT_VERSION = 5.0;
				TARGETED_DEVICE_FAMILY = "1,2";
				TEST_HOST = "$(BUILT_PRODUCTS_DIR)/Curran Gestures.app/Curran Gestures";
			};
			name = Release;
		};
		D8ECE323243E2570009EAABA /* Debug */ = {
			isa = XCBuildConfiguration;
			buildSettings = {
				ALWAYS_EMBED_SWIFT_STANDARD_LIBRARIES = YES;
				CODE_SIGN_STYLE = Automatic;
				DEVELOPMENT_TEAM = VVTL2X6H2N;
				INFOPLIST_FILE = "Curran GesturesUITests/Info.plist";
				LD_RUNPATH_SEARCH_PATHS = (
					"$(inherited)",
					"@executable_path/Frameworks",
					"@loader_path/Frameworks",
				);
				PRODUCT_BUNDLE_IDENTIFIER = "spencercurran.com.Curran-GesturesUITests";
				PRODUCT_NAME = "$(TARGET_NAME)";
				SWIFT_VERSION = 5.0;
				TARGETED_DEVICE_FAMILY = "1,2";
				TEST_TARGET_NAME = "Curran Gestures";
			};
			name = Debug;
		};
		D8ECE324243E2570009EAABA /* Release */ = {
			isa = XCBuildConfiguration;
			buildSettings = {
				ALWAYS_EMBED_SWIFT_STANDARD_LIBRARIES = YES;
				CODE_SIGN_STYLE = Automatic;
				DEVELOPMENT_TEAM = VVTL2X6H2N;
				INFOPLIST_FILE = "Curran GesturesUITests/Info.plist";
				LD_RUNPATH_SEARCH_PATHS = (
					"$(inherited)",
					"@executable_path/Frameworks",
					"@loader_path/Frameworks",
				);
				PRODUCT_BUNDLE_IDENTIFIER = "spencercurran.com.Curran-GesturesUITests";
				PRODUCT_NAME = "$(TARGET_NAME)";
				SWIFT_VERSION = 5.0;
				TARGETED_DEVICE_FAMILY = "1,2";
				TEST_TARGET_NAME = "Curran Gestures";
			};
			name = Release;
		};
/* End XCBuildConfiguration section */

/* Begin XCConfigurationList section */
		D8ECE2ED243E256E009EAABA /* Build configuration list for PBXProject "Curran Gestures" */ = {
			isa = XCConfigurationList;
			buildConfigurations = (
				D8ECE31A243E2570009EAABA /* Debug */,
				D8ECE31B243E2570009EAABA /* Release */,
			);
			defaultConfigurationIsVisible = 0;
			defaultConfigurationName = Release;
		};
		D8ECE31C243E2570009EAABA /* Build configuration list for PBXNativeTarget "Curran Gestures" */ = {
			isa = XCConfigurationList;
			buildConfigurations = (
				D8ECE31D243E2570009EAABA /* Debug */,
				D8ECE31E243E2570009EAABA /* Release */,
			);
			defaultConfigurationIsVisible = 0;
			defaultConfigurationName = Release;
		};
		D8ECE31F243E2570009EAABA /* Build configuration list for PBXNativeTarget "Curran GesturesTests" */ = {
			isa = XCConfigurationList;
			buildConfigurations = (
				D8ECE320243E2570009EAABA /* Debug */,
				D8ECE321243E2570009EAABA /* Release */,
			);
			defaultConfigurationIsVisible = 0;
			defaultConfigurationName = Release;
		};
		D8ECE322243E2570009EAABA /* Build configuration list for PBXNativeTarget "Curran GesturesUITests" */ = {
			isa = XCConfigurationList;
			buildConfigurations = (
				D8ECE323243E2570009EAABA /* Debug */,
				D8ECE324243E2570009EAABA /* Release */,
			);
			defaultConfigurationIsVisible = 0;
			defaultConfigurationName = Release;
		};
/* End XCConfigurationList section */
	};
	rootObject = D8ECE2EA243E256E009EAABA /* Project object */;
}
